
Microsoft Visual Studio Solution File, Format Version 12.00
# Visual Studio Version 16
VisualStudioVersion = 16.0.30611.23
MinimumVisualStudioVersion = 10.0.40219.1
Project("{FAE04EC0-301F-11D3-BF4B-00C04F79EFBC}") = "Genius.NET", "Genius.NET\Genius.NET.csproj", "{626FD08D-43A6-424B-8C5A-D7FCC53C4B1D}"
EndProject
Global
	GlobalSection(SolutionConfigurationPlatforms) = preSolution
		Debug|Any CPU = Debug|Any CPU
		Release|Any CPU = Release|Any CPU
	EndGlobalSection
	GlobalSection(ProjectConfigurationPlatforms) = postSolution
		{626FD08D-43A6-424B-8C5A-D7FCC53C4B1D}.Debug|Any CPU.ActiveCfg = Debug|Any CPU
		{626FD08D-43A6-424B-8C5A-D7FCC53C4B1D}.Debug|Any CPU.Build.0 = Debug|Any CPU
		{626FD08D-43A6-424B-8C5A-D7FCC53C4B1D}.Release|Any CPU.ActiveCfg = Release|Any CPU
		{626FD08D-43A6-424B-8C5A-D7FCC53C4B1D}.Release|Any CPU.Build.0 = Release|Any CPU
	EndGlobalSection
	GlobalSection(SolutionProperties) = preSolution
		HideSolutionNode = FALSE
	EndGlobalSection
	GlobalSection(ExtensibilityGlobals) = postSolution
		SolutionGuid = {BEC4513B-47BB-4724-B243-948EB51F6689}
	EndGlobalSection
EndGlobal
